Microsoft Visual Studio Solution File, Format Version 12.00
# Visual Studio Version 17
VisualStudioVersion = 17.5.2.0
MinimumVisualStudioVersion = 10.0.40219.1
Project("{FAE04EC0-301F-11D3-BF4B-00C04F79EFBC}") = "tres_num_menores", "tres_num_menores.csproj", "{A3732C0D-4004-8F4D-FCF5-2DF1AD075A0B}"
EndProject
Global
	GlobalSection(SolutionConfigurationPlatforms) = preSolution
		Debug|Any CPU = Debug|Any CPU
		Release|Any CPU = Release|Any CPU
	EndGlobalSection
	GlobalSection(ProjectConfigurationPlatforms) = postSolution
		{A3732C0D-4004-8F4D-FCF5-2DF1AD075A0B}.Debug|Any CPU.ActiveCfg = Debug|Any CPU
		{A3732C0D-4004-8F4D-FCF5-2DF1AD075A0B}.Debug|Any CPU.Build.0 = Debug|Any CPU
		{A3732C0D-4004-8F4D-FCF5-2DF1AD075A0B}.Release|Any CPU.ActiveCfg = Release|Any CPU
		{A3732C0D-4004-8F4D-FCF5-2DF1AD075A0B}.Release|Any CPU.Build.0 = Release|Any CPU
	EndGlobalSection
	GlobalSection(SolutionProperties) = preSolution
		HideSolutionNode = FALSE
	EndGlobalSection
	GlobalSection(ExtensibilityGlobals) = postSolution
		SolutionGuid = {87DF6C40-9C1A-4837-8DE4-D46FC8B7134E}
	EndGlobalSection
EndGlobal
